
Microsoft Visual Studio Solution File, Format Version 12.00
# Visual Studio Version 17
VisualStudioVersion = 17.2.32526.322
MinimumVisualStudioVersion = 10.0.40219.1
Project("{9A19103F-16F7-4668-BE54-9A1E7A4F7556}") = "SeaHopper", "SeaHopper\SeaHopper.csproj", "{9AB62656-DA64-4FC3-961B-6107D159954B}"
EndProject
Project("{2150E333-8FDC-42A3-9474-1A3956D46DE8}") = "Solution Items", "Solution Items", "{AFDD24A3-ACD6-4CB3-AA3C-9FF0107D8A43}"
	ProjectSection(SolutionItems) = preProject
		.gitattributes = .gitattributes
		.gitignore = .gitignore
		README.md = README.md
	EndProjectSection
EndProject
Project("{FAE04EC0-301F-11D3-BF4B-00C04F79EFBC}") = "SeaHopper_LanguageSupport", "LanguageSupport\VisualStudio\SeaHopperLang\SeaHopper_LanguageSupport\SeaHopper_LanguageSupport.csproj", "{4EA264AF-39B6-466B-95BB-AAC353A53F6F}"
EndProject
Global
	GlobalSection(SolutionConfigurationPlatforms) = preSolution
		Debug|Any CPU = Debug|Any CPU
		Debug|x86 = Debug|x86
		Release|Any CPU = Release|Any CPU
		Release|x86 = Release|x86
	EndGlobalSection
	GlobalSection(ProjectConfigurationPlatforms) = postSolution
		{9AB62656-DA64-4FC3-961B-6107D159954B}.Debug|Any CPU.ActiveCfg = Debug|Any CPU
		{9AB62656-DA64-4FC3-961B-6107D159954B}.Debug|Any CPU.Build.0 = Debug|Any CPU
		{9AB62656-DA64-4FC3-961B-6107D159954B}.Debug|x86.ActiveCfg = Debug|Any CPU
		{9AB62656-DA64-4FC3-961B-6107D159954B}.Debug|x86.Build.0 = Debug|Any CPU
		{9AB62656-DA64-4FC3-961B-6107D159954B}.Release|Any CPU.ActiveCfg = Release|Any CPU
		{9AB62656-DA64-4FC3-961B-6107D159954B}.Release|Any CPU.Build.0 = Release|Any CPU
		{9AB62656-DA64-4FC3-961B-6107D159954B}.Release|x86.ActiveCfg = Release|Any CPU
		{9AB62656-DA64-4FC3-961B-6107D159954B}.Release|x86.Build.0 = Release|Any CPU
		{4EA264AF-39B6-466B-95BB-AAC353A53F6F}.Debug|Any CPU.ActiveCfg = Debug|Any CPU
		{4EA264AF-39B6-466B-95BB-AAC353A53F6F}.Debug|Any CPU.Build.0 = Debug|Any CPU
		{4EA264AF-39B6-466B-95BB-AAC353A53F6F}.Debug|x86.ActiveCfg = Debug|x86
		{4EA264AF-39B6-466B-95BB-AAC353A53F6F}.Debug|x86.Build.0 = Debug|x86
		{4EA264AF-39B6-466B-95BB-AAC353A53F6F}.Release|Any CPU.ActiveCfg = Release|Any CPU
		{4EA264AF-39B6-466B-95BB-AAC353A53F6F}.Release|Any CPU.Build.0 = Release|Any CPU
		{4EA264AF-39B6-466B-95BB-AAC353A53F6F}.Release|x86.ActiveCfg = Release|x86
		{4EA264AF-39B6-466B-95BB-AAC353A53F6F}.Release|x86.Build.0 = Release|x86
	EndGlobalSection
	GlobalSection(SolutionProperties) = preSolution
		HideSolutionNode = FALSE
	EndGlobalSection
	GlobalSection(ExtensibilityGlobals) = postSolution
		SolutionGuid = {606CD4C8-7A37-4B10-8115-4C7E1E55EF64}
	EndGlobalSection
EndGlobal
